
Microsoft Visual Studio Solution File, Format Version 12.00
# Visual Studio Version 16
VisualStudioVersion = 16.0.30114.105
MinimumVisualStudioVersion = 10.0.40219.1
Project("{FAE04EC0-301F-11D3-BF4B-00C04F79EFBC}") = "chatServer", "chatServer\chatServer.csproj", "{8B4F2BFA-42CF-47F4-B0AF-33454143A73B}"
EndProject
Project("{FAE04EC0-301F-11D3-BF4B-00C04F79EFBC}") = "chatClient", "chatClient\chatClient.csproj", "{1F75C6DD-1D6C-43E3-BA66-2A5BEFB76D7B}"
EndProject
Project("{FAE04EC0-301F-11D3-BF4B-00C04F79EFBC}") = "netLib", "netLib\netLib.csproj", "{DFFB2CAF-8A55-4570-830A-0CA115FB01BD}"
EndProject
Global
	GlobalSection(SolutionConfigurationPlatforms) = preSolution
		Debug|Any CPU = Debug|Any CPU
		Debug|x64 = Debug|x64
		Debug|x86 = Debug|x86
		Release|Any CPU = Release|Any CPU
		Release|x64 = Release|x64
		Release|x86 = Release|x86
	EndGlobalSection
	GlobalSection(SolutionProperties) = preSolution
		HideSolutionNode = FALSE
	EndGlobalSection
	GlobalSection(ProjectConfigurationPlatforms) = postSolution
		{8B4F2BFA-42CF-47F4-B0AF-33454143A73B}.Debug|Any CPU.ActiveCfg = Debug|Any CPU
		{8B4F2BFA-42CF-47F4-B0AF-33454143A73B}.Debug|Any CPU.Build.0 = Debug|Any CPU
		{8B4F2BFA-42CF-47F4-B0AF-33454143A73B}.Debug|x64.ActiveCfg = Debug|Any CPU
		{8B4F2BFA-42CF-47F4-B0AF-33454143A73B}.Debug|x64.Build.0 = Debug|Any CPU
		{8B4F2BFA-42CF-47F4-B0AF-33454143A73B}.Debug|x86.ActiveCfg = Debug|Any CPU
		{8B4F2BFA-42CF-47F4-B0AF-33454143A73B}.Debug|x86.Build.0 = Debug|Any CPU
		{8B4F2BFA-42CF-47F4-B0AF-33454143A73B}.Release|Any CPU.ActiveCfg = Release|Any CPU
		{8B4F2BFA-42CF-47F4-B0AF-33454143A73B}.Release|Any CPU.Build.0 = Release|Any CPU
		{8B4F2BFA-42CF-47F4-B0AF-33454143A73B}.Release|x64.ActiveCfg = Release|Any CPU
		{8B4F2BFA-42CF-47F4-B0AF-33454143A73B}.Release|x64.Build.0 = Release|Any CPU
		{8B4F2BFA-42CF-47F4-B0AF-33454143A73B}.Release|x86.ActiveCfg = Release|Any CPU
		{8B4F2BFA-42CF-47F4-B0AF-33454143A73B}.Release|x86.Build.0 = Release|Any CPU
		{1F75C6DD-1D6C-43E3-BA66-2A5BEFB76D7B}.Debug|Any CPU.ActiveCfg = Debug|Any CPU
		{1F75C6DD-1D6C-43E3-BA66-2A5BEFB76D7B}.Debug|Any CPU.Build.0 = Debug|Any CPU
		{1F75C6DD-1D6C-43E3-BA66-2A5BEFB76D7B}.Debug|x64.ActiveCfg = Debug|Any CPU
		{1F75C6DD-1D6C-43E3-BA66-2A5BEFB76D7B}.Debug|x64.Build.0 = Debug|Any CPU
		{1F75C6DD-1D6C-43E3-BA66-2A5BEFB76D7B}.Debug|x86.ActiveCfg = Debug|Any CPU
		{1F75C6DD-1D6C-43E3-BA66-2A5BEFB76D7B}.Debug|x86.Build.0 = Debug|Any CPU
		{1F75C6DD-1D6C-43E3-BA66-2A5BEFB76D7B}.Release|Any CPU.ActiveCfg = Release|Any CPU
		{1F75C6DD-1D6C-43E3-BA66-2A5BEFB76D7B}.Release|Any CPU.Build.0 = Release|Any CPU
		{1F75C6DD-1D6C-43E3-BA66-2A5BEFB76D7B}.Release|x64.ActiveCfg = Release|Any CPU
		{1F75C6DD-1D6C-43E3-BA66-2A5BEFB76D7B}.Release|x64.Build.0 = Release|Any CPU
		{1F75C6DD-1D6C-43E3-BA66-2A5BEFB76D7B}.Release|x86.ActiveCfg = Release|Any CPU
		{1F75C6DD-1D6C-43E3-BA66-2A5BEFB76D7B}.Release|x86.Build.0 = Release|Any CPU
		{DFFB2CAF-8A55-4570-830A-0CA115FB01BD}.Debug|Any CPU.ActiveCfg = Debug|Any CPU
		{DFFB2CAF-8A55-4570-830A-0CA115FB01BD}.Debug|Any CPU.Build.0 = Debug|Any CPU
		{DFFB2CAF-8A55-4570-830A-0CA115FB01BD}.Debug|x64.ActiveCfg = Debug|Any CPU
		{DFFB2CAF-8A55-4570-830A-0CA115FB01BD}.Debug|x64.Build.0 = Debug|Any CPU
		{DFFB2CAF-8A55-4570-830A-0CA115FB01BD}.Debug|x86.ActiveCfg = Debug|Any CPU
		{DFFB2CAF-8A55-4570-830A-0CA115FB01BD}.Debug|x86.Build.0 = Debug|Any CPU
		{DFFB2CAF-8A55-4570-830A-0CA115FB01BD}.Release|Any CPU.ActiveCfg = Release|Any CPU
		{DFFB2CAF-8A55-4570-830A-0CA115FB01BD}.Release|Any CPU.Build.0 = Release|Any CPU
		{DFFB2CAF-8A55-4570-830A-0CA115FB01BD}.Release|x64.ActiveCfg = Release|Any CPU
		{DFFB2CAF-8A55-4570-830A-0CA115FB01BD}.Release|x64.Build.0 = Release|Any CPU
		{DFFB2CAF-8A55-4570-830A-0CA115FB01BD}.Release|x86.ActiveCfg = Release|Any CPU
		{DFFB2CAF-8A55-4570-830A-0CA115FB01BD}.Release|x86.Build.0 = Release|Any CPU
	EndGlobalSection
EndGlobal
